version = 1
revision = 1
requires-python = ">=3.12"

[[package]]
name = "asttokens"
version = "3.0.0"
source = { registry = "https://pypi.org/simple" }
sdist = { url = "https://files.pythonhosted.org/packages/4a/e7/82da0a03e7ba5141f05cce0d302e6eed121ae055e0456ca228bf693984bc/asttokens-3.0.0.tar.gz", hash = "sha256:0dcd8baa8d62b0c1d118b399b2ddba3c4aff271d0d7a9e0d4c1681c79035bbc7", size = 61978 }
wheels = [
    { url = "https://files.pythonhosted.org/packages/25/8a/c46dcc25341b5bce5472c718902eb3d38600a903b14fa6aeecef3f21a46f/asttokens-3.0.0-py3-none-any.whl", hash = "sha256:e3078351a059199dd5138cb1c706e6430c05eff2ff136af5eb4790f9d28932e2", size = 26918 },
]

[[package]]
name = "cffi"
version = "1.17.1"
source = { registry = "https://pypi.org/simple" }
dependencies = [
    { name = "pycparser" },
]
sdist = { url = "https://files.pythonhosted.org/packages/fc/97/c783634659c2920c3fc70419e3af40972dbaf758daa229a7d6ea6135c90d/cffi-1.17.1.tar.gz", hash = "sha256:1c39c6016c32bc48dd54561950ebd6836e1670f2ae46128f67cf49e789c52824", size = 516621 }
wheels = [
    { url = "https://files.pythonhosted.org/packages/5a/84/e94227139ee5fb4d600a7a4927f322e1d4aea6fdc50bd3fca8493caba23f/cffi-1.17.1-cp312-cp312-macosx_10_9_x86_64.whl", hash = "sha256:805b4371bf7197c329fcb3ead37e710d1bca9da5d583f5073b799d5c5bd1eee4", size = 183178 },
    { url = "https://files.pythonhosted.org/packages/da/ee/fb72c2b48656111c4ef27f0f91da355e130a923473bf5ee75c5643d00cca/cffi-1.17.1-cp312-cp312-macosx_11_0_arm64.whl", hash = "sha256:733e99bc2df47476e3848417c5a4540522f234dfd4ef3ab7fafdf555b082ec0c", size = 178840 },
    { url = "https://files.pythonhosted.org/packages/cc/b6/db007700f67d151abadf508cbfd6a1884f57eab90b1bb985c4c8c02b0f28/cffi-1.17.1-cp312-cp312-manylinux_2_12_i686.manylinux2010_i686.manylinux_2_17_i686.manylinux2014_i686.whl", hash = "sha256:1257bdabf294dceb59f5e70c64a3e2f462c30c7ad68092d01bbbfb1c16b1ba36", size = 454803 },
    { url = "https://files.pythonhosted.org/packages/1a/df/f8d151540d8c200eb1c6fba8cd0dfd40904f1b0682ea705c36e6c2e97ab3/cffi-1.17.1-cp312-cp312-manylinux_2_17_aarch64.manylinux2014_aarch64.whl", hash = "sha256:da95af8214998d77a98cc14e3a3bd00aa191526343078b530ceb0bd710fb48a5", size = 478850 },
    { url = "https://files.pythonhosted.org/packages/28/c0/b31116332a547fd2677ae5b78a2ef662dfc8023d67f41b2a83f7c2aa78b1/cffi-1.17.1-cp312-cp312-manylinux_2_17_ppc64le.manylinux2014_ppc64le.whl", hash = "sha256:d63afe322132c194cf832bfec0dc69a99fb9bb6bbd550f161a49e9e855cc78ff", size = 485729 },
    { url = "https://files.pythonhosted.org/packages/91/2b/9a1ddfa5c7f13cab007a2c9cc295b70fbbda7cb10a286aa6810338e60ea1/cffi-1.17.1-cp312-cp312-manylinux_2_17_s390x.manylinux2014_s390x.whl", hash = "sha256:f79fc4fc25f1c8698ff97788206bb3c2598949bfe0fef03d299eb1b5356ada99", size = 471256 },
    { url = "https://files.pythonhosted.org/packages/b2/d5/da47df7004cb17e4955df6a43d14b3b4ae77737dff8bf7f8f333196717bf/cffi-1.17.1-cp312-cp312-manylinux_2_17_x86_64.manylinux2014_x86_64.whl", hash = "sha256:b62ce867176a75d03a665bad002af8e6d54644fad99a3c70905c543130e39d93", size = 479424 },
    { url = "https://files.pythonhosted.org/packages/0b/ac/2a28bcf513e93a219c8a4e8e125534f4f6db03e3179ba1c45e949b76212c/cffi-1.17.1-cp312-cp312-musllinux_1_1_aarch64.whl", hash = "sha256:386c8bf53c502fff58903061338ce4f4950cbdcb23e2902d86c0f722b786bbe3", size = 484568 },
    { url = "https://files.pythonhosted.org/packages/d4/38/ca8a4f639065f14ae0f1d9751e70447a261f1a30fa7547a828ae08142465/cffi-1.17.1-cp312-cp312-musllinux_1_1_x86_64.whl", hash = "sha256:4ceb10419a9adf4460ea14cfd6bc43d08701f0835e979bf821052f1805850fe8", size = 488736 },
    { url = "https://files.pythonhosted.org/packages/86/c5/28b2d6f799ec0bdecf44dced2ec5ed43e0eb63097b0f58c293583b406582/cffi-1.17.1-cp312-cp312-win32.whl", hash = "sha256:a08d7e755f8ed21095a310a693525137cfe756ce62d066e53f502a83dc550f65", size = 172448 },
    { url = "https://files.pythonhosted.org/packages/50/b9/db34c4755a7bd1cb2d1603ac3863f22bcecbd1ba29e5ee841a4bc510b294/cffi-1.17.1-cp312-cp312-win_amd64.whl", hash = "sha256:51392eae71afec0d0c8fb1a53b204dbb3bcabcb3c9b807eedf3e1e6ccf2de903", size = 181976 },
    { url = "https://files.pythonhosted.org/packages/8d/f8/dd6c246b148639254dad4d6803eb6a54e8c85c6e11ec9df2cffa87571dbe/cffi-1.17.1-cp313-cp313-macosx_10_13_x86_64.whl", hash = "sha256:f3a2b4222ce6b60e2e8b337bb9596923045681d71e5a082783484d845390938e", size = 182989 },
    { url = "https://files.pythonhosted.org/packages/8b/f1/672d303ddf17c24fc83afd712316fda78dc6fce1cd53011b839483e1ecc8/cffi-1.17.1-cp313-cp313-macosx_11_0_arm64.whl", hash = "sha256:0984a4925a435b1da406122d4d7968dd861c1385afe3b45ba82b750f229811e2", size = 178802 },
    { url = "https://files.pythonhosted.org/packages/0e/2d/eab2e858a91fdff70533cab61dcff4a1f55ec60425832ddfdc9cd36bc8af/cffi-1.17.1-cp313-cp313-manylinux_2_12_i686.manylinux2010_i686.manylinux_2_17_i686.manylinux2014_i686.whl", hash = "sha256:d01b12eeeb4427d3110de311e1774046ad344f5b1a7403101878976ecd7a10f3", size = 454792 },
    { url = "https://files.pythonhosted.org/packages/75/b2/fbaec7c4455c604e29388d55599b99ebcc250a60050610fadde58932b7ee/cffi-1.17.1-cp313-cp313-manylinux_2_17_aarch64.manylinux2014_aarch64.whl", hash = "sha256:706510fe141c86a69c8ddc029c7910003a17353970cff3b904ff0686a5927683", size = 478893 },
    { url = "https://files.pythonhosted.org/packages/4f/b7/6e4a2162178bf1935c336d4da8a9352cccab4d3a5d7914065490f08c0690/cffi-1.17.1-cp313-cp313-manylinux_2_17_ppc64le.manylinux2014_ppc64le.whl", hash = "sha256:de55b766c7aa2e2a3092c51e0483d700341182f08e67c63630d5b6f200bb28e5", size = 485810 },
    { url = "https://files.pythonhosted.org/packages/c7/8a/1d0e4a9c26e54746dc08c2c6c037889124d4f59dffd853a659fa545f1b40/cffi-1.17.1-cp313-cp313-manylinux_2_17_s390x.manylinux2014_s390x.whl", hash = "sha256:c59d6e989d07460165cc5ad3c61f9fd8f1b4796eacbd81cee78957842b834af4", size = 471200 },
    { url = "https://files.pythonhosted.org/packages/26/9f/1aab65a6c0db35f43c4d1b4f580e8df53914310afc10ae0397d29d697af4/cffi-1.17.1-cp313-cp313-manylinux_2_17_x86_64.manylinux2014_x86_64.whl", hash = "sha256:dd398dbc6773384a17fe0d3e7eeb8d1a21c2200473ee6806bb5e6a8e62bb73dd", size = 479447 },
    { url = "https://files.pythonhosted.org/packages/5f/e4/fb8b3dd8dc0e98edf1135ff067ae070bb32ef9d509d6cb0f538cd6f7483f/cffi-1.17.1-cp313-cp313-musllinux_1_1_aarch64.whl", hash = "sha256:3edc8d958eb099c634dace3c7e16560ae474aa3803a5df240542b305d14e14ed", size = 484358 },
    { url = "https://files.pythonhosted.org/packages/f1/47/d7145bf2dc04684935d57d67dff9d6d795b2ba2796806bb109864be3a151/cffi-1.17.1-cp313-cp313-musllinux_1_1_x86_64.whl", hash = "sha256:72e72408cad3d5419375fc87d289076ee319835bdfa2caad331e377589aebba9", size = 488469 },
    { url = "https://files.pythonhosted.org/packages/bf/ee/f94057fa6426481d663b88637a9a10e859e492c73d0384514a17d78ee205/cffi-1.17.1-cp313-cp313-win32.whl", hash = "sha256:e03eab0a8677fa80d646b5ddece1cbeaf556c313dcfac435ba11f107ba117b5d", size = 172475 },
    { url = "https://files.pythonhosted.org/packages/7c/fc/6a8cb64e5f0324877d503c854da15d76c1e50eb722e320b15345c4d0c6de/cffi-1.17.1-cp313-cp313-win_amd64.whl", hash = "sha256:f6a16c31041f09ead72d69f583767292f750d24913dadacf5756b966aacb3f1a", size = 182009 },
]

[[package]]
name = "clang"
version = "17.0.6"
source = { registry = "https://pypi.org/simple" }
sdist = { url = "https://files.pythonhosted.org/packages/75/39/b56db712f3879d7e96ed5e747d9024308b0d8001df7daf60ad3fc8078aa9/clang-17.0.6.tar.gz", hash = "sha256:d228511e6a29e866dcbe99e10ed10649317b9b3e636ba805f6867b7afb6e8c44", size = 32167 }
wheels = [
    { url = "https://files.pythonhosted.org/packages/52/c6/e5141f7780fe401c5749faa69b3dca5f4a19236528d544733585e291d13a/clang-17.0.6-py3-none-any.whl", hash = "sha256:d05ad6dddc9b360e94b9420e239c639a9117902cce8a57fd288a5226eea3092e", size = 32121 },
]

[[package]]
name = "colorama"
version = "0.4.6"
source = { registry = "https://pypi.org/simple" }
sdist = { url = "https://files.pythonhosted.org/packages/d8/53/6f443c9a4a8358a93a6792e2acffb9d9d5cb0a5cfd8802644b7b1c9a02e4/colorama-0.4.6.tar.gz", hash = "sha256:08695f5cb7ed6e0531a20572697297273c47b8cae5a63ffc6d6ed5c201be6e44", size = 27697 }
wheels = [
    { url = "https://files.pythonhosted.org/packages/d1/d6/3965ed04c63042e047cb6a3e6ed1a63a35087b6a609aa3a15ed8ac56c221/colorama-0.4.6-py2.py3-none-any.whl", hash = "sha256:4f1d9991f5acc0ca119f9d443620b77f9d6b33703e51011c16baf57afb285fc6", size = 25335 },
]

[[package]]
name = "ctypeslib2"
version = "2.4.0"
source = { registry = "https://pypi.org/simple" }
dependencies = [
    { name = "clang" },
]
sdist = { url = "https://files.pythonhosted.org/packages/b7/c2/0c939a5f852c148ab221cc438e0e335c94f7724df163df5933ebace7c5d6/ctypeslib2-2.4.0.tar.gz", hash = "sha256:1dd0f1ab679394bd44addb979d9e05b9d06669e907d94255fddbd0c3ca2f293e", size = 101861 }
wheels = [
    { url = "https://files.pythonhosted.org/packages/68/f5/86738cf02c9b8c6bbd33506ebab109849da4f40402bd6823e79bf480f601/ctypeslib2-2.4.0-py3-none-any.whl", hash = "sha256:b93c45feb89a3a7940f1306adf7d23e232d7134906d35c99d4d8951fdc6b6a58", size = 57291 },
]

[[package]]
name = "decorator"
version = "5.2.1"
source = { registry = "https://pypi.org/simple" }
sdist = { url = "https://files.pythonhosted.org/packages/43/fa/6d96a0978d19e17b68d634497769987b16c8f4cd0a7a05048bec693caa6b/decorator-5.2.1.tar.gz", hash = "sha256:65f266143752f734b0a7cc83c46f4618af75b8c5911b00ccb61d0ac9b6da0360", size = 56711 }
wheels = [
    { url = "https://files.pythonhosted.org/packages/4e/8c/f3147f5c4b73e7550fe5f9352eaa956ae838d5c51eb58e7a25b9f3e2643b/decorator-5.2.1-py3-none-any.whl", hash = "sha256:d316bb415a2d9e2d2b3abcc4084c6502fc09240e292cd76a76afc106a1c8e04a", size = 9190 },
]

[[package]]
name = "executing"
version = "2.2.0"
source = { registry = "https://pypi.org/simple" }
sdist = { url = "https://files.pythonhosted.org/packages/91/50/a9d80c47ff289c611ff12e63f7c5d13942c65d68125160cefd768c73e6e4/executing-2.2.0.tar.gz", hash = "sha256:5d108c028108fe2551d1a7b2e8b713341e2cb4fc0aa7dcf966fa4327a5226755", size = 978693 }
wheels = [
    { url = "https://files.pythonhosted.org/packages/7b/8f/c4d9bafc34ad7ad5d8dc16dd1347ee0e507a52c3adb6bfa8887e1c6a26ba/executing-2.2.0-py2.py3-none-any.whl", hash = "sha256:11387150cad388d62750327a53d3339fad4888b39a6fe233c3afbb54ecffd3aa", size = 26702 },
]

[[package]]
name = "iniconfig"
version = "2.1.0"
source = { registry = "https://pypi.org/simple" }
sdist = { url = "https://files.pythonhosted.org/packages/f2/97/ebf4da567aa6827c909642694d71c9fcf53e5b504f2d96afea02718862f3/iniconfig-2.1.0.tar.gz", hash = "sha256:3abbd2e30b36733fee78f9c7f7308f2d0050e88f0087fd25c2645f63c773e1c7", size = 4793 }
wheels = [
    { url = "https://files.pythonhosted.org/packages/2c/e1/e6716421ea10d38022b952c159d5161ca1193197fb744506875fbb87ea7b/iniconfig-2.1.0-py3-none-any.whl", hash = "sha256:9deba5723312380e77435581c6bf4935c94cbfab9b1ed33ef8d238ea168eb760", size = 6050 },
]

[[package]]
name = "ipython"
version = "9.1.0"
source = { registry = "https://pypi.org/simple" }
dependencies = [
    { name = "colorama", marker = "sys_platform == 'win32'" },
    { name = "decorator" },
    { name = "ipython-pygments-lexers" },
    { name = "jedi" },
    { name = "matplotlib-inline" },
    { name = "pexpect", marker = "sys_platform != 'emscripten' and sys_platform != 'win32'" },
    { name = "prompt-toolkit" },
    { name = "pygments" },
    { name = "stack-data" },
    { name = "traitlets" },
]
sdist = { url = "https://files.pythonhosted.org/packages/70/9a/6b8984bedc990f3a4aa40ba8436dea27e23d26a64527de7c2e5e12e76841/ipython-9.1.0.tar.gz", hash = "sha256:a47e13a5e05e02f3b8e1e7a0f9db372199fe8c3763532fe7a1e0379e4e135f16", size = 4373688 }
wheels = [
    { url = "https://files.pythonhosted.org/packages/b2/9d/4ff2adf55d1b6e3777b0303fdbe5b723f76e46cba4a53a32fe82260d2077/ipython-9.1.0-py3-none-any.whl", hash = "sha256:2df07257ec2f84a6b346b8d83100bcf8fa501c6e01ab75cd3799b0bb253b3d2a", size = 604053 },
]

[[package]]
name = "ipython-pygments-lexers"
version = "1.1.1"
source = { registry = "https://pypi.org/simple" }
dependencies = [
    { name = "pygments" },
]
sdist = { url = "https://files.pythonhosted.org/packages/ef/4c/5dd1d8af08107f88c7f741ead7a40854b8ac24ddf9ae850afbcf698aa552/ipython_pygments_lexers-1.1.1.tar.gz", hash = "sha256:09c0138009e56b6854f9535736f4171d855c8c08a563a0dcd8022f78355c7e81", size = 8393 }
wheels = [
    { url = "https://files.pythonhosted.org/packages/d9/33/1f075bf72b0b747cb3288d011319aaf64083cf2efef8354174e3ed4540e2/ipython_pygments_lexers-1.1.1-py3-none-any.whl", hash = "sha256:a9462224a505ade19a605f71f8fa63c2048833ce50abc86768a0d81d876dc81c", size = 8074 },
]

[[package]]
name = "jedi"
version = "0.19.2"
source = { registry = "https://pypi.org/simple" }
dependencies = [
    { name = "parso" },
]
sdist = { url = "https://files.pythonhosted.org/packages/72/3a/79a912fbd4d8dd6fbb02bf69afd3bb72cf0c729bb3063c6f4498603db17a/jedi-0.19.2.tar.gz", hash = "sha256:4770dc3de41bde3966b02eb84fbcf557fb33cce26ad23da12c742fb50ecb11f0", size = 1231287 }
wheels = [
    { url = "https://files.pythonhosted.org/packages/c0/5a/9cac0c82afec3d09ccd97c8b6502d48f165f9124db81b4bcb90b4af974ee/jedi-0.19.2-py2.py3-none-any.whl", hash = "sha256:a8ef22bde8490f57fe5c7681a3c83cb58874daf72b4784de3cce5b6ef6edb5b9", size = 1572278 },
]

[[package]]
name = "libsparseir"
version = "0.1.0"
source = { editable = "." }
dependencies = [
    { name = "cffi" },
    { name = "numpy" },
]

[package.dev-dependencies]
dev = [
    { name = "clang" },
    { name = "ctypeslib2" },
    { name = "ipython" },
    { name = "pytest" },
    { name = "ruff" },
    { name = "setuptools" },
]

[package.metadata]
requires-dist = [
    { name = "cffi", specifier = ">=1.17.1" },
    { name = "numpy", specifier = ">=2.2.4" },
]

[package.metadata.requires-dev]
dev = [
    { name = "clang", specifier = "==17.*" },
    { name = "ctypeslib2", specifier = ">=2.4.0" },
    { name = "ipython", specifier = ">=9.1.0" },
    { name = "pytest", specifier = ">=8.3.5" },
    { name = "ruff", specifier = ">=0.11.6" },
    { name = "setuptools", specifier = ">=79.0.0" },
]

[[package]]
name = "matplotlib-inline"
version = "0.1.7"
source = { registry = "https://pypi.org/simple" }
dependencies = [
    { name = "traitlets" },
]
sdist = { url = "https://files.pythonhosted.org/packages/99/5b/a36a337438a14116b16480db471ad061c36c3694df7c2084a0da7ba538b7/matplotlib_inline-0.1.7.tar.gz", hash = "sha256:8423b23ec666be3d16e16b60bdd8ac4e86e840ebd1dd11a30b9f117f2fa0ab90", size = 8159 }
wheels = [
    { url = "https://files.pythonhosted.org/packages/8f/8e/9ad090d3553c280a8060fbf6e24dc1c0c29704ee7d1c372f0c174aa59285/matplotlib_inline-0.1.7-py3-none-any.whl", hash = "sha256:df192d39a4ff8f21b1895d72e6a13f5fcc5099f00fa84384e0ea28c2cc0653ca", size = 9899 },
]

[[package]]
name = "numpy"
version = "2.2.5"
source = { registry = "https://pypi.org/simple" }
sdist = { url = "https://files.pythonhosted.org/packages/dc/b2/ce4b867d8cd9c0ee84938ae1e6a6f7926ebf928c9090d036fc3c6a04f946/numpy-2.2.5.tar.gz", hash = "sha256:a9c0d994680cd991b1cb772e8b297340085466a6fe964bc9d4e80f5e2f43c291", size = 20273920 }
wheels = [
    { url = "https://files.pythonhosted.org/packages/e2/f7/1fd4ff108cd9d7ef929b8882692e23665dc9c23feecafbb9c6b80f4ec583/numpy-2.2.5-cp312-cp312-macosx_10_13_x86_64.whl", hash = "sha256:ee461a4eaab4f165b68780a6a1af95fb23a29932be7569b9fab666c407969051", size = 20948633 },
    { url = "https://files.pythonhosted.org/packages/12/03/d443c278348371b20d830af155ff2079acad6a9e60279fac2b41dbbb73d8/numpy-2.2.5-cp312-cp312-macosx_11_0_arm64.whl", hash = "sha256:ec31367fd6a255dc8de4772bd1658c3e926d8e860a0b6e922b615e532d320ddc", size = 14176123 },
    { url = "https://files.pythonhosted.org/packages/2b/0b/5ca264641d0e7b14393313304da48b225d15d471250376f3fbdb1a2be603/numpy-2.2.5-cp312-cp312-macosx_14_0_arm64.whl", hash = "sha256:47834cde750d3c9f4e52c6ca28a7361859fcaf52695c7dc3cc1a720b8922683e", size = 5163817 },
    { url = "https://files.pythonhosted.org/packages/04/b3/d522672b9e3d28e26e1613de7675b441bbd1eaca75db95680635dd158c67/numpy-2.2.5-cp312-cp312-macosx_14_0_x86_64.whl", hash = "sha256:2c1a1c6ccce4022383583a6ded7bbcda22fc635eb4eb1e0a053336425ed36dfa", size = 6698066 },
    { url = "https://files.pythonhosted.org/packages/a0/93/0f7a75c1ff02d4b76df35079676b3b2719fcdfb39abdf44c8b33f43ef37d/numpy-2.2.5-cp312-cp312-manylinux_2_17_aarch64.manylinux2014_aarch64.whl", hash = "sha256:9d75f338f5f79ee23548b03d801d28a505198297534f62416391857ea0479571", size = 14087277 },
    { url = "https://files.pythonhosted.org/packages/b0/d9/7c338b923c53d431bc837b5b787052fef9ae68a56fe91e325aac0d48226e/numpy-2.2.5-cp312-cp312-manylinux_2_17_x86_64.manylinux2014_x86_64.whl", hash = "sha256:3a801fef99668f309b88640e28d261991bfad9617c27beda4a3aec4f217ea073", size = 16135742 },
    { url = "https://files.pythonhosted.org/packages/2d/10/4dec9184a5d74ba9867c6f7d1e9f2e0fb5fe96ff2bf50bb6f342d64f2003/numpy-2.2.5-cp312-cp312-musllinux_1_2_aarch64.whl", hash = "sha256:abe38cd8381245a7f49967a6010e77dbf3680bd3627c0fe4362dd693b404c7f8", size = 15581825 },
    { url = "https://files.pythonhosted.org/packages/80/1f/2b6fcd636e848053f5b57712a7d1880b1565eec35a637fdfd0a30d5e738d/numpy-2.2.5-cp312-cp312-musllinux_1_2_x86_64.whl", hash = "sha256:5a0ac90e46fdb5649ab6369d1ab6104bfe5854ab19b645bf5cda0127a13034ae", size = 17899600 },
    { url = "https://files.pythonhosted.org/packages/ec/87/36801f4dc2623d76a0a3835975524a84bd2b18fe0f8835d45c8eae2f9ff2/numpy-2.2.5-cp312-cp312-win32.whl", hash = "sha256:0cd48122a6b7eab8f06404805b1bd5856200e3ed6f8a1b9a194f9d9054631beb", size = 6312626 },
    { url = "https://files.pythonhosted.org/packages/8b/09/4ffb4d6cfe7ca6707336187951992bd8a8b9142cf345d87ab858d2d7636a/numpy-2.2.5-cp312-cp312-win_amd64.whl", hash = "sha256:ced69262a8278547e63409b2653b372bf4baff0870c57efa76c5703fd6543282", size = 12645715 },
    { url = "https://files.pythonhosted.org/packages/e2/a0/0aa7f0f4509a2e07bd7a509042967c2fab635690d4f48c6c7b3afd4f448c/numpy-2.2.5-cp313-cp313-macosx_10_13_x86_64.whl", hash = "sha256:059b51b658f4414fff78c6d7b1b4e18283ab5fa56d270ff212d5ba0c561846f4", size = 20935102 },
    { url = "https://files.pythonhosted.org/packages/7e/e4/a6a9f4537542912ec513185396fce52cdd45bdcf3e9d921ab02a93ca5aa9/numpy-2.2.5-cp313-cp313-macosx_11_0_arm64.whl", hash = "sha256:47f9ed103af0bc63182609044b0490747e03bd20a67e391192dde119bf43d52f", size = 14191709 },
    { url = "https://files.pythonhosted.org/packages/be/65/72f3186b6050bbfe9c43cb81f9df59ae63603491d36179cf7a7c8d216758/numpy-2.2.5-cp313-cp313-macosx_14_0_arm64.whl", hash = "sha256:261a1ef047751bb02f29dfe337230b5882b54521ca121fc7f62668133cb119c9", size = 5149173 },
    { url = "https://files.pythonhosted.org/packages/e5/e9/83e7a9432378dde5802651307ae5e9ea07bb72b416728202218cd4da2801/numpy-2.2.5-cp313-cp313-macosx_14_0_x86_64.whl", hash = "sha256:4520caa3807c1ceb005d125a75e715567806fed67e315cea619d5ec6e75a4191", size = 6684502 },
    { url = "https://files.pythonhosted.org/packages/ea/27/b80da6c762394c8ee516b74c1f686fcd16c8f23b14de57ba0cad7349d1d2/numpy-2.2.5-cp313-cp313-manylinux_2_17_aarch64.manylinux2014_aarch64.whl", hash = "sha256:3d14b17b9be5f9c9301f43d2e2a4886a33b53f4e6fdf9ca2f4cc60aeeee76372", size = 14084417 },
    { url = "https://files.pythonhosted.org/packages/aa/fc/ebfd32c3e124e6a1043e19c0ab0769818aa69050ce5589b63d05ff185526/numpy-2.2.5-cp313-cp313-manylinux_2_17_x86_64.manylinux2014_x86_64.whl", hash = "sha256:2ba321813a00e508d5421104464510cc962a6f791aa2fca1c97b1e65027da80d", size = 16133807 },
    { url = "https://files.pythonhosted.org/packages/bf/9b/4cc171a0acbe4666f7775cfd21d4eb6bb1d36d3a0431f48a73e9212d2278/numpy-2.2.5-cp313-cp313-musllinux_1_2_aarch64.whl", hash = "sha256:a4cbdef3ddf777423060c6f81b5694bad2dc9675f110c4b2a60dc0181543fac7", size = 15575611 },
    { url = "https://files.pythonhosted.org/packages/a3/45/40f4135341850df48f8edcf949cf47b523c404b712774f8855a64c96ef29/numpy-2.2.5-cp313-cp313-musllinux_1_2_x86_64.whl", hash = "sha256:54088a5a147ab71a8e7fdfd8c3601972751ded0739c6b696ad9cb0343e21ab73", size = 17895747 },
    { url = "https://files.pythonhosted.org/packages/f8/4c/b32a17a46f0ffbde8cc82df6d3daeaf4f552e346df143e1b188a701a8f09/numpy-2.2.5-cp313-cp313-win32.whl", hash = "sha256:c8b82a55ef86a2d8e81b63da85e55f5537d2157165be1cb2ce7cfa57b6aef38b", size = 6309594 },
    { url = "https://files.pythonhosted.org/packages/13/ae/72e6276feb9ef06787365b05915bfdb057d01fceb4a43cb80978e518d79b/numpy-2.2.5-cp313-cp313-win_amd64.whl", hash = "sha256:d8882a829fd779f0f43998e931c466802a77ca1ee0fe25a3abe50278616b1471", size = 12638356 },
    { url = "https://files.pythonhosted.org/packages/79/56/be8b85a9f2adb688e7ded6324e20149a03541d2b3297c3ffc1a73f46dedb/numpy-2.2.5-cp313-cp313t-macosx_10_13_x86_64.whl", hash = "sha256:e8b025c351b9f0e8b5436cf28a07fa4ac0204d67b38f01433ac7f9b870fa38c6", size = 20963778 },
    { url = "https://files.pythonhosted.org/packages/ff/77/19c5e62d55bff507a18c3cdff82e94fe174957bad25860a991cac719d3ab/numpy-2.2.5-cp313-cp313t-macosx_11_0_arm64.whl", hash = "sha256:8dfa94b6a4374e7851bbb6f35e6ded2120b752b063e6acdd3157e4d2bb922eba", size = 14207279 },
    { url = "https://files.pythonhosted.org/packages/75/22/aa11f22dc11ff4ffe4e849d9b63bbe8d4ac6d5fae85ddaa67dfe43be3e76/numpy-2.2.5-cp313-cp313t-macosx_14_0_arm64.whl", hash = "sha256:97c8425d4e26437e65e1d189d22dff4a079b747ff9c2788057bfb8114ce1e133", size = 5199247 },
    { url = "https://files.pythonhosted.org/packages/4f/6c/12d5e760fc62c08eded0394f62039f5a9857f758312bf01632a81d841459/numpy-2.2.5-cp313-cp313t-macosx_14_0_x86_64.whl", hash = "sha256:352d330048c055ea6db701130abc48a21bec690a8d38f8284e00fab256dc1376", size = 6711087 },
    { url = "https://files.pythonhosted.org/packages/ef/94/ece8280cf4218b2bee5cec9567629e61e51b4be501e5c6840ceb593db945/numpy-2.2.5-cp313-cp313t-manylinux_2_17_aarch64.manylinux2014_aarch64.whl", hash = "sha256:8b4c0773b6ada798f51f0f8e30c054d32304ccc6e9c5d93d46cb26f3d385ab19", size = 14059964 },
    { url = "https://files.pythonhosted.org/packages/39/41/c5377dac0514aaeec69115830a39d905b1882819c8e65d97fc60e177e19e/numpy-2.2.5-cp313-cp313t-manylinux_2_17_x86_64.manylinux2014_x86_64.whl", hash = "sha256:55f09e00d4dccd76b179c0f18a44f041e5332fd0e022886ba1c0bbf3ea4a18d0", size = 16121214 },
    { url = "https://files.pythonhosted.org/packages/db/54/3b9f89a943257bc8e187145c6bc0eb8e3d615655f7b14e9b490b053e8149/numpy-2.2.5-cp313-cp313t-musllinux_1_2_aarch64.whl", hash = "sha256:02f226baeefa68f7d579e213d0f3493496397d8f1cff5e2b222af274c86a552a", size = 15575788 },
    { url = "https://files.pythonhosted.org/packages/b1/c4/2e407e85df35b29f79945751b8f8e671057a13a376497d7fb2151ba0d290/numpy-2.2.5-cp313-cp313t-musllinux_1_2_x86_64.whl", hash = "sha256:c26843fd58f65da9491165072da2cccc372530681de481ef670dcc8e27cfb066", size = 17893672 },
    { url = "https://files.pythonhosted.org/packages/29/7e/d0b44e129d038dba453f00d0e29ebd6eaf2f06055d72b95b9947998aca14/numpy-2.2.5-cp313-cp313t-win32.whl", hash = "sha256:1a161c2c79ab30fe4501d5a2bbfe8b162490757cf90b7f05be8b80bc02f7bb8e", size = 6377102 },
    { url = "https://files.pythonhosted.org/packages/63/be/b85e4aa4bf42c6502851b971f1c326d583fcc68227385f92089cf50a7b45/numpy-2.2.5-cp313-cp313t-win_amd64.whl", hash = "sha256:d403c84991b5ad291d3809bace5e85f4bbf44a04bdc9a88ed2bb1807b3360bb8", size = 12750096 },
]

[[package]]
name = "packaging"
version = "25.0"
source = { registry = "https://pypi.org/simple" }
sdist = { url = "https://files.pythonhosted.org/packages/a1/d4/1fc4078c65507b51b96ca8f8c3ba19e6a61c8253c72794544580a7b6c24d/packaging-25.0.tar.gz", hash = "sha256:d443872c98d677bf60f6a1f2f8c1cb748e8fe762d2bf9d3148b5599295b0fc4f", size = 165727 }
wheels = [
    { url = "https://files.pythonhosted.org/packages/20/12/38679034af332785aac8774540895e234f4d07f7545804097de4b666afd8/packaging-25.0-py3-none-any.whl", hash = "sha256:29572ef2b1f17581046b3a2227d5c611fb25ec70ca1ba8554b24b0e69331a484", size = 66469 },
]

[[package]]
name = "parso"
version = "0.8.4"
source = { registry = "https://pypi.org/simple" }
sdist = { url = "https://files.pythonhosted.org/packages/66/94/68e2e17afaa9169cf6412ab0f28623903be73d1b32e208d9e8e541bb086d/parso-0.8.4.tar.gz", hash = "sha256:eb3a7b58240fb99099a345571deecc0f9540ea5f4dd2fe14c2a99d6b281ab92d", size = 400609 }
wheels = [
    { url = "https://files.pythonhosted.org/packages/c6/ac/dac4a63f978e4dcb3c6d3a78c4d8e0192a113d288502a1216950c41b1027/parso-0.8.4-py2.py3-none-any.whl", hash = "sha256:a418670a20291dacd2dddc80c377c5c3791378ee1e8d12bffc35420643d43f18", size = 103650 },
]

[[package]]
name = "pexpect"
version = "4.9.0"
source = { registry = "https://pypi.org/simple" }
dependencies = [
    { name = "ptyprocess" },
]
sdist = { url = "https://files.pythonhosted.org/packages/42/92/cc564bf6381ff43ce1f4d06852fc19a2f11d180f23dc32d9588bee2f149d/pexpect-4.9.0.tar.gz", hash = "sha256:ee7d41123f3c9911050ea2c2dac107568dc43b2d3b0c7557a33212c398ead30f", size = 166450 }
wheels = [
    { url = "https://files.pythonhosted.org/packages/9e/c3/059298687310d527a58bb01f3b1965787ee3b40dce76752eda8b44e9a2c5/pexpect-4.9.0-py2.py3-none-any.whl", hash = "sha256:7236d1e080e4936be2dc3e326cec0af72acf9212a7e1d060210e70a47e253523", size = 63772 },
]

[[package]]
name = "pluggy"
version = "1.5.0"
source = { registry = "https://pypi.org/simple" }
sdist = { url = "https://files.pythonhosted.org/packages/96/2d/02d4312c973c6050a18b314a5ad0b3210edb65a906f868e31c111dede4a6/pluggy-1.5.0.tar.gz", hash = "sha256:2cffa88e94fdc978c4c574f15f9e59b7f4201d439195c3715ca9e2486f1d0cf1", size = 67955 }
wheels = [
    { url = "https://files.pythonhosted.org/packages/88/5f/e351af9a41f866ac3f1fac4ca0613908d9a41741cfcf2228f4ad853b697d/pluggy-1.5.0-py3-none-any.whl", hash = "sha256:44e1ad92c8ca002de6377e165f3e0f1be63266ab4d554740532335b9d75ea669", size = 20556 },
]

[[package]]
name = "prompt-toolkit"
version = "3.0.51"
source = { registry = "https://pypi.org/simple" }
dependencies = [
    { name = "wcwidth" },
]
sdist = { url = "https://files.pythonhosted.org/packages/bb/6e/9d084c929dfe9e3bfe0c6a47e31f78a25c54627d64a66e884a8bf5474f1c/prompt_toolkit-3.0.51.tar.gz", hash = "sha256:931a162e3b27fc90c86f1b48bb1fb2c528c2761475e57c9c06de13311c7b54ed", size = 428940 }
wheels = [
    { url = "https://files.pythonhosted.org/packages/ce/4f/5249960887b1fbe561d9ff265496d170b55a735b76724f10ef19f9e40716/prompt_toolkit-3.0.51-py3-none-any.whl", hash = "sha256:52742911fde84e2d423e2f9a4cf1de7d7ac4e51958f648d9540e0fb8db077b07", size = 387810 },
]

[[package]]
name = "ptyprocess"
version = "0.7.0"
source = { registry = "https://pypi.org/simple" }
sdist = { url = "https://files.pythonhosted.org/packages/20/e5/16ff212c1e452235a90aeb09066144d0c5a6a8c0834397e03f5224495c4e/ptyprocess-0.7.0.tar.gz", hash = "sha256:5c5d0a3b48ceee0b48485e0c26037c0acd7d29765ca3fbb5cb3831d347423220", size = 70762 }
wheels = [
    { url = "https://files.pythonhosted.org/packages/22/a6/858897256d0deac81a172289110f31629fc4cee19b6f01283303e18c8db3/ptyprocess-0.7.0-py2.py3-none-any.whl", hash = "sha256:4b41f3967fce3af57cc7e94b888626c18bf37a083e3651ca8feeb66d492fef35", size = 13993 },
]

[[package]]
name = "pure-eval"
version = "0.2.3"
source = { registry = "https://pypi.org/simple" }
sdist = { url = "https://files.pythonhosted.org/packages/cd/05/0a34433a064256a578f1783a10da6df098ceaa4a57bbeaa96a6c0352786b/pure_eval-0.2.3.tar.gz", hash = "sha256:5f4e983f40564c576c7c8635ae88db5956bb2229d7e9237d03b3c0b0190eaf42", size = 19752 }
wheels = [
    { url = "https://files.pythonhosted.org/packages/8e/37/efad0257dc6e593a18957422533ff0f87ede7c9c6ea010a2177d738fb82f/pure_eval-0.2.3-py3-none-any.whl", hash = "sha256:1db8e35b67b3d218d818ae653e27f06c3aa420901fa7b081ca98cbedc874e0d0", size = 11842 },
]

[[package]]
name = "pycparser"
version = "2.22"
source = { registry = "https://pypi.org/simple" }
sdist = { url = "https://files.pythonhosted.org/packages/1d/b2/31537cf4b1ca988837256c910a668b553fceb8f069bedc4b1c826024b52c/pycparser-2.22.tar.gz", hash = "sha256:491c8be9c040f5390f5bf44a5b07752bd07f56edf992381b05c701439eec10f6", size = 172736 }
wheels = [
    { url = "https://files.pythonhosted.org/packages/13/a3/a812df4e2dd5696d1f351d58b8fe16a405b234ad2886a0dab9183fb78109/pycparser-2.22-py3-none-any.whl", hash = "sha256:c3702b6d3dd8c7abc1afa565d7e63d53a1d0bd86cdc24edd75470f4de499cfcc", size = 117552 },
]

[[package]]
name = "pygments"
version = "2.19.1"
source = { registry = "https://pypi.org/simple" }
sdist = { url = "https://files.pythonhosted.org/packages/7c/2d/c3338d48ea6cc0feb8446d8e6937e1408088a72a39937982cc6111d17f84/pygments-2.19.1.tar.gz", hash = "sha256:61c16d2a8576dc0649d9f39e089b5f02bcd27fba10d8fb4dcc28173f7a45151f", size = 4968581 }
wheels = [
    { url = "https://files.pythonhosted.org/packages/8a/0b/9fcc47d19c48b59121088dd6da2488a49d5f72dacf8262e2790a1d2c7d15/pygments-2.19.1-py3-none-any.whl", hash = "sha256:9ea1544ad55cecf4b8242fab6dd35a93bbce657034b0611ee383099054ab6d8c", size = 1225293 },
]

[[package]]
name = "pytest"
version = "8.3.5"
source = { registry = "https://pypi.org/simple" }
dependencies = [
    { name = "colorama", marker = "sys_platform == 'win32'" },
    { name = "iniconfig" },
    { name = "packaging" },
    { name = "pluggy" },
]
sdist = { url = "https://files.pythonhosted.org/packages/ae/3c/c9d525a414d506893f0cd8a8d0de7706446213181570cdbd766691164e40/pytest-8.3.5.tar.gz", hash = "sha256:f4efe70cc14e511565ac476b57c279e12a855b11f48f212af1080ef2263d3845", size = 1450891 }
wheels = [
    { url = "https://files.pythonhosted.org/packages/30/3d/64ad57c803f1fa1e963a7946b6e0fea4a70df53c1a7fed304586539c2bac/pytest-8.3.5-py3-none-any.whl", hash = "sha256:c69214aa47deac29fad6c2a4f590b9c4a9fdb16a403176fe154b79c0b4d4d820", size = 343634 },
]

[[package]]
name = "ruff"
version = "0.11.6"
source = { registry = "https://pypi.org/simple" }
sdist = { url = "https://files.pythonhosted.org/packages/d9/11/bcef6784c7e5d200b8a1f5c2ddf53e5da0efec37e6e5a44d163fb97e04ba/ruff-0.11.6.tar.gz", hash = "sha256:bec8bcc3ac228a45ccc811e45f7eb61b950dbf4cf31a67fa89352574b01c7d79", size = 4010053 }
wheels = [
    { url = "https://files.pythonhosted.org/packages/6e/1f/8848b625100ebcc8740c8bac5b5dd8ba97dd4ee210970e98832092c1635b/ruff-0.11.6-py3-none-linux_armv6l.whl", hash = "sha256:d84dcbe74cf9356d1bdb4a78cf74fd47c740bf7bdeb7529068f69b08272239a1", size = 10248105 },
    { url = "https://files.pythonhosted.org/packages/e0/47/c44036e70c6cc11e6ee24399c2a1e1f1e99be5152bd7dff0190e4b325b76/ruff-0.11.6-py3-none-macosx_10_12_x86_64.whl", hash = "sha256:9bc583628e1096148011a5d51ff3c836f51899e61112e03e5f2b1573a9b726de", size = 11001494 },
    { url = "https://files.pythonhosted.org/packages/ed/5b/170444061650202d84d316e8f112de02d092bff71fafe060d3542f5bc5df/ruff-0.11.6-py3-none-macosx_11_0_arm64.whl", hash = "sha256:f2959049faeb5ba5e3b378709e9d1bf0cab06528b306b9dd6ebd2a312127964a", size = 10352151 },
    { url = "https://files.pythonhosted.org/packages/ff/91/f02839fb3787c678e112c8865f2c3e87cfe1744dcc96ff9fc56cfb97dda2/ruff-0.11.6-py3-none-manylinux_2_17_aarch64.manylinux2014_aarch64.whl", hash = "sha256:63c5d4e30d9d0de7fedbfb3e9e20d134b73a30c1e74b596f40f0629d5c28a193", size = 10541951 },
    { url = "https://files.pythonhosted.org/packages/9e/f3/c09933306096ff7a08abede3cc2534d6fcf5529ccd26504c16bf363989b5/ruff-0.11.6-py3-none-manylinux_2_17_armv7l.manylinux2014_armv7l.whl", hash = "sha256:26a4b9a4e1439f7d0a091c6763a100cef8fbdc10d68593df6f3cfa5abdd9246e", size = 10079195 },
    { url = "https://files.pythonhosted.org/packages/e0/0d/a87f8933fccbc0d8c653cfbf44bedda69c9582ba09210a309c066794e2ee/ruff-0.11.6-py3-none-manylinux_2_17_i686.manylinux2014_i686.whl", hash = "sha256:b5edf270223dd622218256569636dc3e708c2cb989242262fe378609eccf1308", size = 11698918 },
    { url = "https://files.pythonhosted.org/packages/52/7d/8eac0bd083ea8a0b55b7e4628428203441ca68cd55e0b67c135a4bc6e309/ruff-0.11.6-py3-none-manylinux_2_17_ppc64.manylinux2014_ppc64.whl", hash = "sha256:f55844e818206a9dd31ff27f91385afb538067e2dc0beb05f82c293ab84f7d55", size = 12319426 },
    { url = "https://files.pythonhosted.org/packages/c2/dc/d0c17d875662d0c86fadcf4ca014ab2001f867621b793d5d7eef01b9dcce/ruff-0.11.6-py3-none-manylinux_2_17_ppc64le.manylinux2014_ppc64le.whl", hash = "sha256:1d8f782286c5ff562e4e00344f954b9320026d8e3fae2ba9e6948443fafd9ffc", size = 11791012 },
    { url = "https://files.pythonhosted.org/packages/f9/f3/81a1aea17f1065449a72509fc7ccc3659cf93148b136ff2a8291c4bc3ef1/ruff-0.11.6-py3-none-manylinux_2_17_s390x.manylinux2014_s390x.whl", hash = "sha256:01c63ba219514271cee955cd0adc26a4083df1956d57847978383b0e50ffd7d2", size = 13949947 },
    { url = "https://files.pythonhosted.org/packages/61/9f/a3e34de425a668284e7024ee6fd41f452f6fa9d817f1f3495b46e5e3a407/ruff-0.11.6-py3-none-manylinux_2_17_x86_64.manylinux2014_x86_64.whl", hash = "sha256:15adac20ef2ca296dd3d8e2bedc6202ea6de81c091a74661c3666e5c4c223ff6", size = 11471753 },
    { url = "https://files.pythonhosted.org/packages/df/c5/4a57a86d12542c0f6e2744f262257b2aa5a3783098ec14e40f3e4b3a354a/ruff-0.11.6-py3-none-musllinux_1_2_aarch64.whl", hash = "sha256:4dd6b09e98144ad7aec026f5588e493c65057d1b387dd937d7787baa531d9bc2", size = 10417121 },
    { url = "https://files.pythonhosted.org/packages/58/3f/a3b4346dff07ef5b862e2ba06d98fcbf71f66f04cf01d375e871382b5e4b/ruff-0.11.6-py3-none-musllinux_1_2_armv7l.whl", hash = "sha256:45b2e1d6c0eed89c248d024ea95074d0e09988d8e7b1dad8d3ab9a67017a5b03", size = 10073829 },
    { url = "https://files.pythonhosted.org/packages/93/cc/7ed02e0b86a649216b845b3ac66ed55d8aa86f5898c5f1691797f408fcb9/ruff-0.11.6-py3-none-musllinux_1_2_i686.whl", hash = "sha256:bd40de4115b2ec4850302f1a1d8067f42e70b4990b68838ccb9ccd9f110c5e8b", size = 11076108 },
    { url = "https://files.pythonhosted.org/packages/39/5e/5b09840fef0eff1a6fa1dea6296c07d09c17cb6fb94ed5593aa591b50460/ruff-0.11.6-py3-none-musllinux_1_2_x86_64.whl", hash = "sha256:77cda2dfbac1ab73aef5e514c4cbfc4ec1fbef4b84a44c736cc26f61b3814cd9", size = 11512366 },
    { url = "https://files.pythonhosted.org/packages/6f/4c/1cd5a84a412d3626335ae69f5f9de2bb554eea0faf46deb1f0cb48534042/ruff-0.11.6-py3-none-win32.whl", hash = "sha256:5151a871554be3036cd6e51d0ec6eef56334d74dfe1702de717a995ee3d5b287", size = 10485900 },
    { url = "https://files.pythonhosted.org/packages/42/46/8997872bc44d43df986491c18d4418f1caff03bc47b7f381261d62c23442/ruff-0.11.6-py3-none-win_amd64.whl", hash = "sha256:cce85721d09c51f3b782c331b0abd07e9d7d5f775840379c640606d3159cae0e", size = 11558592 },
    { url = "https://files.pythonhosted.org/packages/d7/6a/65fecd51a9ca19e1477c3879a7fda24f8904174d1275b419422ac00f6eee/ruff-0.11.6-py3-none-win_arm64.whl", hash = "sha256:3567ba0d07fb170b1b48d944715e3294b77f5b7679e8ba258199a250383ccb79", size = 10682766 },
]

[[package]]
name = "setuptools"
version = "79.0.0"
source = { registry = "https://pypi.org/simple" }
sdist = { url = "https://files.pythonhosted.org/packages/7d/19/fecb7e2825616270f34512b3394cdcf6f45a79b5b6d94fdbd86a509e67b5/setuptools-79.0.0.tar.gz", hash = "sha256:9828422e7541213b0aacb6e10bbf9dd8febeaa45a48570e09b6d100e063fc9f9", size = 1367685 }
wheels = [
    { url = "https://files.pythonhosted.org/packages/cc/ea/d53f2f8897c46a36df085964d07761ea4c2d1f2cf92019693b6742b7aabb/setuptools-79.0.0-py3-none-any.whl", hash = "sha256:b9ab3a104bedb292323f53797b00864e10e434a3ab3906813a7169e4745b912a", size = 1256065 },
]

[[package]]
name = "stack-data"
version = "0.6.3"
source = { registry = "https://pypi.org/simple" }
dependencies = [
    { name = "asttokens" },
    { name = "executing" },
    { name = "pure-eval" },
]
sdist = { url = "https://files.pythonhosted.org/packages/28/e3/55dcc2cfbc3ca9c29519eb6884dd1415ecb53b0e934862d3559ddcb7e20b/stack_data-0.6.3.tar.gz", hash = "sha256:836a778de4fec4dcd1dcd89ed8abff8a221f58308462e1c4aa2a3cf30148f0b9", size = 44707 }
wheels = [
    { url = "https://files.pythonhosted.org/packages/f1/7b/ce1eafaf1a76852e2ec9b22edecf1daa58175c090266e9f6c64afcd81d91/stack_data-0.6.3-py3-none-any.whl", hash = "sha256:d5558e0c25a4cb0853cddad3d77da9891a08cb85dd9f9f91b9f8cd66e511e695", size = 24521 },
]

[[package]]
name = "traitlets"
version = "5.14.3"
source = { registry = "https://pypi.org/simple" }
sdist = { url = "https://files.pythonhosted.org/packages/eb/79/72064e6a701c2183016abbbfedaba506d81e30e232a68c9f0d6f6fcd1574/traitlets-5.14.3.tar.gz", hash = "sha256:9ed0579d3502c94b4b3732ac120375cda96f923114522847de4b3bb98b96b6b7", size = 161621 }
wheels = [
    { url = "https://files.pythonhosted.org/packages/00/c0/8f5d070730d7836adc9c9b6408dec68c6ced86b304a9b26a14df072a6e8c/traitlets-5.14.3-py3-none-any.whl", hash = "sha256:b74e89e397b1ed28cc831db7aea759ba6640cb3de13090ca145426688ff1ac4f", size = 85359 },
]

[[package]]
name = "wcwidth"
version = "0.2.13"
source = { registry = "https://pypi.org/simple" }
sdist = { url = "https://files.pythonhosted.org/packages/6c/63/53559446a878410fc5a5974feb13d31d78d752eb18aeba59c7fef1af7598/wcwidth-0.2.13.tar.gz", hash = "sha256:72ea0c06399eb286d978fdedb6923a9eb47e1c486ce63e9b4e64fc18303972b5", size = 101301 }
wheels = [
    { url = "https://files.pythonhosted.org/packages/fd/84/fd2ba7aafacbad3c4201d395674fc6348826569da3c0937e75505ead3528/wcwidth-0.2.13-py2.py3-none-any.whl", hash = "sha256:3da69048e4540d84af32131829ff948f1e022c1c6bdb8d6102117aac784f6859", size = 34166 },
]
